
Microsoft Visual Studio Solution File, Format Version 12.00
# Visual Studio Version 17
VisualStudioVersion = 17.5.33530.505
MinimumVisualStudioVersion = 10.0.40219.1
Project("{FAE04EC0-301F-11D3-BF4B-00C04F79EFBC}") = "WebApplicationGuestBook", "WebApplicationGuestBook\WebApplicationGuestBook.csproj", "{B9C553D3-0488-4A56-B35D-9F3FD7AEE391}"
EndProject
Global
	GlobalSection(SolutionConfigurationPlatforms) = preSolution
		Debug|Any CPU = Debug|Any CPU
		Release|Any CPU = Release|Any CPU
	EndGlobalSection
	GlobalSection(ProjectConfigurationPlatforms) = postSolution
		{B9C553D3-0488-4A56-B35D-9F3FD7AEE391}.Debug|Any CPU.ActiveCfg = Debug|Any CPU
		{B9C553D3-0488-4A56-B35D-9F3FD7AEE391}.Debug|Any CPU.Build.0 = Debug|Any CPU
		{B9C553D3-0488-4A56-B35D-9F3FD7AEE391}.Release|Any CPU.ActiveCfg = Release|Any CPU
		{B9C553D3-0488-4A56-B35D-9F3FD7AEE391}.Release|Any CPU.Build.0 = Release|Any CPU
	EndGlobalSection
	GlobalSection(SolutionProperties) = preSolution
		HideSolutionNode = FALSE
	EndGlobalSection
	GlobalSection(ExtensibilityGlobals) = postSolution
		SolutionGuid = {F8509EC1-B082-479B-B3D2-F9BBD97E9EF2}
	EndGlobalSection
EndGlobal
